
Microsoft Visual Studio Solution File, Format Version 12.00
# Visual Studio 15
VisualStudioVersion = 15.0.27428.2005
MinimumVisualStudioVersion = 10.0.40219.1
Project("{FAE04EC0-301F-11D3-BF4B-00C04F79EFBC}") = "Helical_Wheel_App", "Helical Wheel App\Helical_Wheel_App\Helical_Wheel_App.csproj", "{01A4A018-E30B-4172-A4E3-AB4855C0DFF5}"
EndProject
Project("{FAE04EC0-301F-11D3-BF4B-00C04F79EFBC}") = "Helical_Wheel_App.Droid", "Helical Wheel App\Helical_Wheel_App.Droid\Helical_Wheel_App.Droid.csproj", "{F5292D2B-9C1D-4962-AA23-AFDE62047B3A}"
EndProject
Project("{FAE04EC0-301F-11D3-BF4B-00C04F79EFBC}") = "Helical_Wheel_App.iOS", "Helical Wheel App\Helical_Wheel_App.iOS\Helical_Wheel_App.iOS.csproj", "{8C38F145-6087-4EFF-83A7-67E756F0A057}"
EndProject
Project("{FAE04EC0-301F-11D3-BF4B-00C04F79EFBC}") = "HelicalWheelApp.WindowsUniversal", "HelicalWheelApp.WindowsUniversal\HelicalWheelApp.WindowsUniversal.csproj", "{4D4B11BE-70CB-4562-A2AD-38701420AAFC}"
EndProject
Global
	GlobalSection(SolutionConfigurationPlatforms) = preSolution
		Ad-Hoc|Any CPU = Ad-Hoc|Any CPU
		Ad-Hoc|ARM = Ad-Hoc|ARM
		Ad-Hoc|iPhone = Ad-Hoc|iPhone
		Ad-Hoc|iPhoneSimulator = Ad-Hoc|iPhoneSimulator
		Ad-Hoc|x64 = Ad-Hoc|x64
		Ad-Hoc|x86 = Ad-Hoc|x86
		AppStore|Any CPU = AppStore|Any CPU
		AppStore|ARM = AppStore|ARM
		AppStore|iPhone = AppStore|iPhone
		AppStore|iPhoneSimulator = AppStore|iPhoneSimulator
		AppStore|x64 = AppStore|x64
		AppStore|x86 = AppStore|x86
		Debug|Any CPU = Debug|Any CPU
		Debug|ARM = Debug|ARM
		Debug|iPhone = Debug|iPhone
		Debug|iPhoneSimulator = Debug|iPhoneSimulator
		Debug|x64 = Debug|x64
		Debug|x86 = Debug|x86
		Release|Any CPU = Release|Any CPU
		Release|ARM = Release|ARM
		Release|iPhone = Release|iPhone
		Release|iPhoneSimulator = Release|iPhoneSimulator
		Release|x64 = Release|x64
		Release|x86 = Release|x86
	EndGlobalSection
	GlobalSection(ProjectConfigurationPlatforms) = postSolution
		{01A4A018-E30B-4172-A4E3-AB4855C0DFF5}.Ad-Hoc|Any CPU.ActiveCfg = Release|Any CPU
		{01A4A018-E30B-4172-A4E3-AB4855C0DFF5}.Ad-Hoc|Any CPU.Build.0 = Release|Any CPU
		{01A4A018-E30B-4172-A4E3-AB4855C0DFF5}.Ad-Hoc|ARM.ActiveCfg = Release|Any CPU
		{01A4A018-E30B-4172-A4E3-AB4855C0DFF5}.Ad-Hoc|ARM.Build.0 = Release|Any CPU
		{01A4A018-E30B-4172-A4E3-AB4855C0DFF5}.Ad-Hoc|iPhone.ActiveCfg = Release|Any CPU
		{01A4A018-E30B-4172-A4E3-AB4855C0DFF5}.Ad-Hoc|iPhone.Build.0 = Release|Any CPU
		{01A4A018-E30B-4172-A4E3-AB4855C0DFF5}.Ad-Hoc|iPhoneSimulator.ActiveCfg = Release|Any CPU
		{01A4A018-E30B-4172-A4E3-AB4855C0DFF5}.Ad-Hoc|iPhoneSimulator.Build.0 = Release|Any CPU
		{01A4A018-E30B-4172-A4E3-AB4855C0DFF5}.Ad-Hoc|x64.ActiveCfg = Release|Any CPU
		{01A4A018-E30B-4172-A4E3-AB4855C0DFF5}.Ad-Hoc|x64.Build.0 = Release|Any CPU
		{01A4A018-E30B-4172-A4E3-AB4855C0DFF5}.Ad-Hoc|x86.ActiveCfg = Release|Any CPU
		{01A4A018-E30B-4172-A4E3-AB4855C0DFF5}.Ad-Hoc|x86.Build.0 = Release|Any CPU
		{01A4A018-E30B-4172-A4E3-AB4855C0DFF5}.AppStore|Any CPU.ActiveCfg = Release|Any CPU
		{01A4A018-E30B-4172-A4E3-AB4855C0DFF5}.AppStore|Any CPU.Build.0 = Release|Any CPU
		{01A4A018-E30B-4172-A4E3-AB4855C0DFF5}.AppStore|ARM.ActiveCfg = Release|Any CPU
		{01A4A018-E30B-4172-A4E3-AB4855C0DFF5}.AppStore|ARM.Build.0 = Release|Any CPU
		{01A4A018-E30B-4172-A4E3-AB4855C0DFF5}.AppStore|iPhone.ActiveCfg = Release|Any CPU
		{01A4A018-E30B-4172-A4E3-AB4855C0DFF5}.AppStore|iPhone.Build.0 = Release|Any CPU
		{01A4A018-E30B-4172-A4E3-AB4855C0DFF5}.AppStore|iPhoneSimulator.ActiveCfg = Release|Any CPU
		{01A4A018-E30B-4172-A4E3-AB4855C0DFF5}.AppStore|iPhoneSimulator.Build.0 = Release|Any CPU
		{01A4A018-E30B-4172-A4E3-AB4855C0DFF5}.AppStore|x64.ActiveCfg = Release|Any CPU
		{01A4A018-E30B-4172-A4E3-AB4855C0DFF5}.AppStore|x64.Build.0 = Release|Any CPU
		{01A4A018-E30B-4172-A4E3-AB4855C0DFF5}.AppStore|x86.ActiveCfg = Release|Any CPU
		{01A4A018-E30B-4172-A4E3-AB4855C0DFF5}.AppStore|x86.Build.0 = Release|Any CPU
		{01A4A018-E30B-4172-A4E3-AB4855C0DFF5}.Debug|Any CPU.ActiveCfg = Debug|Any CPU
		{01A4A018-E30B-4172-A4E3-AB4855C0DFF5}.Debug|Any CPU.Build.0 = Debug|Any CPU
		{01A4A018-E30B-4172-A4E3-AB4855C0DFF5}.Debug|ARM.ActiveCfg = Debug|Any CPU
		{01A4A018-E30B-4172-A4E3-AB4855C0DFF5}.Debug|ARM.Build.0 = Debug|Any CPU
		{01A4A018-E30B-4172-A4E3-AB4855C0DFF5}.Debug|iPhone.ActiveCfg = Debug|Any CPU
		{01A4A018-E30B-4172-A4E3-AB4855C0DFF5}.Debug|iPhone.Build.0 = Debug|Any CPU
		{01A4A018-E30B-4172-A4E3-AB4855C0DFF5}.Debug|iPhoneSimulator.ActiveCfg = Debug|Any CPU
		{01A4A018-E30B-4172-A4E3-AB4855C0DFF5}.Debug|iPhoneSimulator.Build.0 = Debug|Any CPU
		{01A4A018-E30B-4172-A4E3-AB4855C0DFF5}.Debug|x64.ActiveCfg = Debug|Any CPU
		{01A4A018-E30B-4172-A4E3-AB4855C0DFF5}.Debug|x64.Build.0 = Debug|Any CPU
		{01A4A018-E30B-4172-A4E3-AB4855C0DFF5}.Debug|x86.ActiveCfg = Debug|Any CPU
		{01A4A018-E30B-4172-A4E3-AB4855C0DFF5}.Debug|x86.Build.0 = Debug|Any CPU
		{01A4A018-E30B-4172-A4E3-AB4855C0DFF5}.Release|Any CPU.ActiveCfg = Release|Any CPU
		{01A4A018-E30B-4172-A4E3-AB4855C0DFF5}.Release|Any CPU.Build.0 = Release|Any CPU
		{01A4A018-E30B-4172-A4E3-AB4855C0DFF5}.Release|ARM.ActiveCfg = Release|Any CPU
		{01A4A018-E30B-4172-A4E3-AB4855C0DFF5}.Release|ARM.Build.0 = Release|Any CPU
		{01A4A018-E30B-4172-A4E3-AB4855C0DFF5}.Release|iPhone.ActiveCfg = Release|Any CPU
		{01A4A018-E30B-4172-A4E3-AB4855C0DFF5}.Release|iPhone.Build.0 = Release|Any CPU
		{01A4A018-E30B-4172-A4E3-AB4855C0DFF5}.Release|iPhoneSimulator.ActiveCfg = Release|Any CPU
		{01A4A018-E30B-4172-A4E3-AB4855C0DFF5}.Release|iPhoneSimulator.Build.0 = Release|Any CPU
		{01A4A018-E30B-4172-A4E3-AB4855C0DFF5}.Release|x64.ActiveCfg = Release|Any CPU
		{01A4A018-E30B-4172-A4E3-AB4855C0DFF5}.Release|x64.Build.0 = Release|Any CPU
		{01A4A018-E30B-4172-A4E3-AB4855C0DFF5}.Release|x86.ActiveCfg = Release|Any CPU
		{01A4A018-E30B-4172-A4E3-AB4855C0DFF5}.Release|x86.Build.0 = Release|Any CPU
		{F5292D2B-9C1D-4962-AA23-AFDE62047B3A}.Ad-Hoc|Any CPU.ActiveCfg = Release|Any CPU
		{F5292D2B-9C1D-4962-AA23-AFDE62047B3A}.Ad-Hoc|Any CPU.Build.0 = Release|Any CPU
		{F5292D2B-9C1D-4962-AA23-AFDE62047B3A}.Ad-Hoc|Any CPU.Deploy.0 = Release|Any CPU
		{F5292D2B-9C1D-4962-AA23-AFDE62047B3A}.Ad-Hoc|ARM.ActiveCfg = Release|Any CPU
		{F5292D2B-9C1D-4962-AA23-AFDE62047B3A}.Ad-Hoc|ARM.Build.0 = Release|Any CPU
		{F5292D2B-9C1D-4962-AA23-AFDE62047B3A}.Ad-Hoc|ARM.Deploy.0 = Release|Any CPU
		{F5292D2B-9C1D-4962-AA23-AFDE62047B3A}.Ad-Hoc|iPhone.ActiveCfg = Release|Any CPU
		{F5292D2B-9C1D-4962-AA23-AFDE62047B3A}.Ad-Hoc|iPhone.Build.0 = Release|Any CPU
		{F5292D2B-9C1D-4962-AA23-AFDE62047B3A}.Ad-Hoc|iPhone.Deploy.0 = Release|Any CPU
		{F5292D2B-9C1D-4962-AA23-AFDE62047B3A}.Ad-Hoc|iPhoneSimulator.ActiveCfg = Release|Any CPU
		{F5292D2B-9C1D-4962-AA23-AFDE62047B3A}.Ad-Hoc|iPhoneSimulator.Build.0 = Release|Any CPU
		{F5292D2B-9C1D-4962-AA23-AFDE62047B3A}.Ad-Hoc|iPhoneSimulator.Deploy.0 = Release|Any CPU
		{F5292D2B-9C1D-4962-AA23-AFDE62047B3A}.Ad-Hoc|x64.ActiveCfg = Release|Any CPU
		{F5292D2B-9C1D-4962-AA23-AFDE62047B3A}.Ad-Hoc|x64.Build.0 = Release|Any CPU
		{F5292D2B-9C1D-4962-AA23-AFDE62047B3A}.Ad-Hoc|x64.Deploy.0 = Release|Any CPU
		{F5292D2B-9C1D-4962-AA23-AFDE62047B3A}.Ad-Hoc|x86.ActiveCfg = Release|Any CPU
		{F5292D2B-9C1D-4962-AA23-AFDE62047B3A}.Ad-Hoc|x86.Build.0 = Release|Any CPU
		{F5292D2B-9C1D-4962-AA23-AFDE62047B3A}.Ad-Hoc|x86.Deploy.0 = Release|Any CPU
		{F5292D2B-9C1D-4962-AA23-AFDE62047B3A}.AppStore|Any CPU.ActiveCfg = Release|Any CPU
		{F5292D2B-9C1D-4962-AA23-AFDE62047B3A}.AppStore|Any CPU.Build.0 = Release|Any CPU
		{F5292D2B-9C1D-4962-AA23-AFDE62047B3A}.AppStore|Any CPU.Deploy.0 = Release|Any CPU
		{F5292D2B-9C1D-4962-AA23-AFDE62047B3A}.AppStore|ARM.ActiveCfg = Release|Any CPU
		{F5292D2B-9C1D-4962-AA23-AFDE62047B3A}.AppStore|ARM.Build.0 = Release|Any CPU
		{F5292D2B-9C1D-4962-AA23-AFDE62047B3A}.AppStore|ARM.Deploy.0 = Release|Any CPU
		{F5292D2B-9C1D-4962-AA23-AFDE62047B3A}.AppStore|iPhone.ActiveCfg = Release|Any CPU
		{F5292D2B-9C1D-4962-AA23-AFDE62047B3A}.AppStore|iPhone.Build.0 = Release|Any CPU
		{F5292D2B-9C1D-4962-AA23-AFDE62047B3A}.AppStore|iPhone.Deploy.0 = Release|Any CPU
		{F5292D2B-9C1D-4962-AA23-AFDE62047B3A}.AppStore|iPhoneSimulator.ActiveCfg = Release|Any CPU
		{F5292D2B-9C1D-4962-AA23-AFDE62047B3A}.AppStore|iPhoneSimulator.Build.0 = Release|Any CPU
		{F5292D2B-9C1D-4962-AA23-AFDE62047B3A}.AppStore|iPhoneSimulator.Deploy.0 = Release|Any CPU
		{F5292D2B-9C1D-4962-AA23-AFDE62047B3A}.AppStore|x64.ActiveCfg = Release|Any CPU
		{F5292D2B-9C1D-4962-AA23-AFDE62047B3A}.AppStore|x64.Build.0 = Release|Any CPU
		{F5292D2B-9C1D-4962-AA23-AFDE62047B3A}.AppStore|x64.Deploy.0 = Release|Any CPU
		{F5292D2B-9C1D-4962-AA23-AFDE62047B3A}.AppStore|x86.ActiveCfg = Release|Any CPU
		{F5292D2B-9C1D-4962-AA23-AFDE62047B3A}.AppStore|x86.Build.0 = Release|Any CPU
		{F5292D2B-9C1D-4962-AA23-AFDE62047B3A}.AppStore|x86.Deploy.0 = Release|Any CPU
		{F5292D2B-9C1D-4962-AA23-AFDE62047B3A}.Debug|Any CPU.ActiveCfg = Debug|Any CPU
		{F5292D2B-9C1D-4962-AA23-AFDE62047B3A}.Debug|Any CPU.Build.0 = Debug|Any CPU
		{F5292D2B-9C1D-4962-AA23-AFDE62047B3A}.Debug|Any CPU.Deploy.0 = Debug|Any CPU
		{F5292D2B-9C1D-4962-AA23-AFDE62047B3A}.Debug|ARM.ActiveCfg = Debug|Any CPU
		{F5292D2B-9C1D-4962-AA23-AFDE62047B3A}.Debug|ARM.Build.0 = Debug|Any CPU
		{F5292D2B-9C1D-4962-AA23-AFDE62047B3A}.Debug|ARM.Deploy.0 = Debug|Any CPU
		{F5292D2B-9C1D-4962-AA23-AFDE62047B3A}.Debug|iPhone.ActiveCfg = Debug|Any CPU
		{F5292D2B-9C1D-4962-AA23-AFDE62047B3A}.Debug|iPhone.Build.0 = Debug|Any CPU
		{F5292D2B-9C1D-4962-AA23-AFDE62047B3A}.Debug|iPhone.Deploy.0 = Debug|Any CPU
		{F5292D2B-9C1D-4962-AA23-AFDE62047B3A}.Debug|iPhoneSimulator.ActiveCfg = Debug|Any CPU
		{F5292D2B-9C1D-4962-AA23-AFDE62047B3A}.Debug|iPhoneSimulator.Build.0 = Debug|Any CPU
		{F5292D2B-9C1D-4962-AA23-AFDE62047B3A}.Debug|iPhoneSimulator.Deploy.0 = Debug|Any CPU
		{F5292D2B-9C1D-4962-AA23-AFDE62047B3A}.Debug|x64.ActiveCfg = Debug|Any CPU
		{F5292D2B-9C1D-4962-AA23-AFDE62047B3A}.Debug|x64.Build.0 = Debug|Any CPU
		{F5292D2B-9C1D-4962-AA23-AFDE62047B3A}.Debug|x64.Deploy.0 = Debug|Any CPU
		{F5292D2B-9C1D-4962-AA23-AFDE62047B3A}.Debug|x86.ActiveCfg = Debug|Any CPU
		{F5292D2B-9C1D-4962-AA23-AFDE62047B3A}.Debug|x86.Build.0 = Debug|Any CPU
		{F5292D2B-9C1D-4962-AA23-AFDE62047B3A}.Debug|x86.Deploy.0 = Debug|Any CPU
		{F5292D2B-9C1D-4962-AA23-AFDE62047B3A}.Release|Any CPU.ActiveCfg = Release|Any CPU
		{F5292D2B-9C1D-4962-AA23-AFDE62047B3A}.Release|Any CPU.Build.0 = Release|Any CPU
		{F5292D2B-9C1D-4962-AA23-AFDE62047B3A}.Release|Any CPU.Deploy.0 = Release|Any CPU
		{F5292D2B-9C1D-4962-AA23-AFDE62047B3A}.Release|ARM.ActiveCfg = Release|Any CPU
		{F5292D2B-9C1D-4962-AA23-AFDE62047B3A}.Release|ARM.Build.0 = Release|Any CPU
		{F5292D2B-9C1D-4962-AA23-AFDE62047B3A}.Release|ARM.Deploy.0 = Release|Any CPU
		{F5292D2B-9C1D-4962-AA23-AFDE62047B3A}.Release|iPhone.ActiveCfg = Release|Any CPU
		{F5292D2B-9C1D-4962-AA23-AFDE62047B3A}.Release|iPhone.Build.0 = Release|Any CPU
		{F5292D2B-9C1D-4962-AA23-AFDE62047B3A}.Release|iPhone.Deploy.0 = Release|Any CPU
		{F5292D2B-9C1D-4962-AA23-AFDE62047B3A}.Release|iPhoneSimulator.ActiveCfg = Release|Any CPU
		{F5292D2B-9C1D-4962-AA23-AFDE62047B3A}.Release|iPhoneSimulator.Build.0 = Release|Any CPU
		{F5292D2B-9C1D-4962-AA23-AFDE62047B3A}.Release|iPhoneSimulator.Deploy.0 = Release|Any CPU
		{F5292D2B-9C1D-4962-AA23-AFDE62047B3A}.Release|x64.ActiveCfg = Release|Any CPU
		{F5292D2B-9C1D-4962-AA23-AFDE62047B3A}.Release|x64.Build.0 = Release|Any CPU
		{F5292D2B-9C1D-4962-AA23-AFDE62047B3A}.Release|x64.Deploy.0 = Release|Any CPU
		{F5292D2B-9C1D-4962-AA23-AFDE62047B3A}.Release|x86.ActiveCfg = Release|Any CPU
		{F5292D2B-9C1D-4962-AA23-AFDE62047B3A}.Release|x86.Build.0 = Release|Any CPU
		{F5292D2B-9C1D-4962-AA23-AFDE62047B3A}.Release|x86.Deploy.0 = Release|Any CPU
		{8C38F145-6087-4EFF-83A7-67E756F0A057}.Ad-Hoc|Any CPU.ActiveCfg = Ad-Hoc|iPhone
		{8C38F145-6087-4EFF-83A7-67E756F0A057}.Ad-Hoc|ARM.ActiveCfg = Ad-Hoc|iPhone
		{8C38F145-6087-4EFF-83A7-67E756F0A057}.Ad-Hoc|iPhone.ActiveCfg = Ad-Hoc|iPhone
		{8C38F145-6087-4EFF-83A7-67E756F0A057}.Ad-Hoc|iPhone.Build.0 = Ad-Hoc|iPhone
		{8C38F145-6087-4EFF-83A7-67E756F0A057}.Ad-Hoc|iPhoneSimulator.ActiveCfg = Ad-Hoc|iPhoneSimulator
		{8C38F145-6087-4EFF-83A7-67E756F0A057}.Ad-Hoc|iPhoneSimulator.Build.0 = Ad-Hoc|iPhoneSimulator
		{8C38F145-6087-4EFF-83A7-67E756F0A057}.Ad-Hoc|x64.ActiveCfg = Ad-Hoc|iPhone
		{8C38F145-6087-4EFF-83A7-67E756F0A057}.Ad-Hoc|x86.ActiveCfg = Ad-Hoc|iPhone
		{8C38F145-6087-4EFF-83A7-67E756F0A057}.AppStore|Any CPU.ActiveCfg = AppStore|iPhone
		{8C38F145-6087-4EFF-83A7-67E756F0A057}.AppStore|ARM.ActiveCfg = AppStore|iPhone
		{8C38F145-6087-4EFF-83A7-67E756F0A057}.AppStore|iPhone.ActiveCfg = AppStore|iPhone
		{8C38F145-6087-4EFF-83A7-67E756F0A057}.AppStore|iPhone.Build.0 = AppStore|iPhone
		{8C38F145-6087-4EFF-83A7-67E756F0A057}.AppStore|iPhoneSimulator.ActiveCfg = AppStore|iPhoneSimulator
		{8C38F145-6087-4EFF-83A7-67E756F0A057}.AppStore|iPhoneSimulator.Build.0 = AppStore|iPhoneSimulator
		{8C38F145-6087-4EFF-83A7-67E756F0A057}.AppStore|x64.ActiveCfg = AppStore|iPhone
		{8C38F145-6087-4EFF-83A7-67E756F0A057}.AppStore|x86.ActiveCfg = AppStore|iPhone
		{8C38F145-6087-4EFF-83A7-67E756F0A057}.Debug|Any CPU.ActiveCfg = Debug|iPhone
		{8C38F145-6087-4EFF-83A7-67E756F0A057}.Debug|ARM.ActiveCfg = Debug|iPhone
		{8C38F145-6087-4EFF-83A7-67E756F0A057}.Debug|iPhone.ActiveCfg = Debug|iPhone
		{8C38F145-6087-4EFF-83A7-67E756F0A057}.Debug|iPhone.Build.0 = Debug|iPhone
		{8C38F145-6087-4EFF-83A7-67E756F0A057}.Debug|iPhoneSimulator.ActiveCfg = Debug|iPhoneSimulator
		{8C38F145-6087-4EFF-83A7-67E756F0A057}.Debug|iPhoneSimulator.Build.0 = Debug|iPhoneSimulator
		{8C38F145-6087-4EFF-83A7-67E756F0A057}.Debug|x64.ActiveCfg = Debug|iPhone
		{8C38F145-6087-4EFF-83A7-67E756F0A057}.Debug|x86.ActiveCfg = Debug|iPhone
		{8C38F145-6087-4EFF-83A7-67E756F0A057}.Release|Any CPU.ActiveCfg = Release|iPhone
		{8C38F145-6087-4EFF-83A7-67E756F0A057}.Release|ARM.ActiveCfg = Release|iPhone
		{8C38F145-6087-4EFF-83A7-67E756F0A057}.Release|iPhone.ActiveCfg = Release|iPhone
		{8C38F145-6087-4EFF-83A7-67E756F0A057}.Release|iPhone.Build.0 = Release|iPhone
		{8C38F145-6087-4EFF-83A7-67E756F0A057}.Release|iPhoneSimulator.ActiveCfg = Release|iPhoneSimulator
		{8C38F145-6087-4EFF-83A7-67E756F0A057}.Release|iPhoneSimulator.Build.0 = Release|iPhoneSimulator
		{8C38F145-6087-4EFF-83A7-67E756F0A057}.Release|x64.ActiveCfg = Release|iPhone
		{8C38F145-6087-4EFF-83A7-67E756F0A057}.Release|x86.ActiveCfg = Release|iPhone
		{4D4B11BE-70CB-4562-A2AD-38701420AAFC}.Ad-Hoc|Any CPU.ActiveCfg = Release|x64
		{4D4B11BE-70CB-4562-A2AD-38701420AAFC}.Ad-Hoc|Any CPU.Build.0 = Release|x64
		{4D4B11BE-70CB-4562-A2AD-38701420AAFC}.Ad-Hoc|Any CPU.Deploy.0 = Release|x64
		{4D4B11BE-70CB-4562-A2AD-38701420AAFC}.Ad-Hoc|ARM.ActiveCfg = Release|ARM
		{4D4B11BE-70CB-4562-A2AD-38701420AAFC}.Ad-Hoc|ARM.Build.0 = Release|ARM
		{4D4B11BE-70CB-4562-A2AD-38701420AAFC}.Ad-Hoc|ARM.Deploy.0 = Release|ARM
		{4D4B11BE-70CB-4562-A2AD-38701420AAFC}.Ad-Hoc|iPhone.ActiveCfg = Release|x64
		{4D4B11BE-70CB-4562-A2AD-38701420AAFC}.Ad-Hoc|iPhone.Build.0 = Release|x64
		{4D4B11BE-70CB-4562-A2AD-38701420AAFC}.Ad-Hoc|iPhone.Deploy.0 = Release|x64
		{4D4B11BE-70CB-4562-A2AD-38701420AAFC}.Ad-Hoc|iPhoneSimulator.ActiveCfg = Release|x64
		{4D4B11BE-70CB-4562-A2AD-38701420AAFC}.Ad-Hoc|iPhoneSimulator.Build.0 = Release|x64
		{4D4B11BE-70CB-4562-A2AD-38701420AAFC}.Ad-Hoc|iPhoneSimulator.Deploy.0 = Release|x64
		{4D4B11BE-70CB-4562-A2AD-38701420AAFC}.Ad-Hoc|x64.ActiveCfg = Release|x64
		{4D4B11BE-70CB-4562-A2AD-38701420AAFC}.Ad-Hoc|x64.Build.0 = Release|x64
		{4D4B11BE-70CB-4562-A2AD-38701420AAFC}.Ad-Hoc|x64.Deploy.0 = Release|x64
		{4D4B11BE-70CB-4562-A2AD-38701420AAFC}.Ad-Hoc|x86.ActiveCfg = Release|x86
		{4D4B11BE-70CB-4562-A2AD-38701420AAFC}.Ad-Hoc|x86.Build.0 = Release|x86
		{4D4B11BE-70CB-4562-A2AD-38701420AAFC}.Ad-Hoc|x86.Deploy.0 = Release|x86
		{4D4B11BE-70CB-4562-A2AD-38701420AAFC}.AppStore|Any CPU.ActiveCfg = Release|x64
		{4D4B11BE-70CB-4562-A2AD-38701420AAFC}.AppStore|Any CPU.Build.0 = Release|x64
		{4D4B11BE-70CB-4562-A2AD-38701420AAFC}.AppStore|Any CPU.Deploy.0 = Release|x64
		{4D4B11BE-70CB-4562-A2AD-38701420AAFC}.AppStore|ARM.ActiveCfg = Release|ARM
		{4D4B11BE-70CB-4562-A2AD-38701420AAFC}.AppStore|ARM.Build.0 = Release|ARM
		{4D4B11BE-70CB-4562-A2AD-38701420AAFC}.AppStore|ARM.Deploy.0 = Release|ARM
		{4D4B11BE-70CB-4562-A2AD-38701420AAFC}.AppStore|iPhone.ActiveCfg = Release|x64
		{4D4B11BE-70CB-4562-A2AD-38701420AAFC}.AppStore|iPhone.Build.0 = Release|x64
		{4D4B11BE-70CB-4562-A2AD-38701420AAFC}.AppStore|iPhone.Deploy.0 = Release|x64
		{4D4B11BE-70CB-4562-A2AD-38701420AAFC}.AppStore|iPhoneSimulator.ActiveCfg = Release|x64
		{4D4B11BE-70CB-4562-A2AD-38701420AAFC}.AppStore|iPhoneSimulator.Build.0 = Release|x64
		{4D4B11BE-70CB-4562-A2AD-38701420AAFC}.AppStore|iPhoneSimulator.Deploy.0 = Release|x64
		{4D4B11BE-70CB-4562-A2AD-38701420AAFC}.AppStore|x64.ActiveCfg = Release|x64
		{4D4B11BE-70CB-4562-A2AD-38701420AAFC}.AppStore|x64.Build.0 = Release|x64
		{4D4B11BE-70CB-4562-A2AD-38701420AAFC}.AppStore|x64.Deploy.0 = Release|x64
		{4D4B11BE-70CB-4562-A2AD-38701420AAFC}.AppStore|x86.ActiveCfg = Release|x86
		{4D4B11BE-70CB-4562-A2AD-38701420AAFC}.AppStore|x86.Build.0 = Release|x86
		{4D4B11BE-70CB-4562-A2AD-38701420AAFC}.AppStore|x86.Deploy.0 = Release|x86
		{4D4B11BE-70CB-4562-A2AD-38701420AAFC}.Debug|Any CPU.ActiveCfg = Debug|x86
		{4D4B11BE-70CB-4562-A2AD-38701420AAFC}.Debug|Any CPU.Build.0 = Debug|x86
		{4D4B11BE-70CB-4562-A2AD-38701420AAFC}.Debug|Any CPU.Deploy.0 = Debug|x86
		{4D4B11BE-70CB-4562-A2AD-38701420AAFC}.Debug|ARM.ActiveCfg = Debug|ARM
		{4D4B11BE-70CB-4562-A2AD-38701420AAFC}.Debug|ARM.Build.0 = Debug|ARM
		{4D4B11BE-70CB-4562-A2AD-38701420AAFC}.Debug|ARM.Deploy.0 = Debug|ARM
		{4D4B11BE-70CB-4562-A2AD-38701420AAFC}.Debug|iPhone.ActiveCfg = Debug|x86
		{4D4B11BE-70CB-4562-A2AD-38701420AAFC}.Debug|iPhoneSimulator.ActiveCfg = Debug|x86
		{4D4B11BE-70CB-4562-A2AD-38701420AAFC}.Debug|x64.ActiveCfg = Debug|x64
		{4D4B11BE-70CB-4562-A2AD-38701420AAFC}.Debug|x64.Build.0 = Debug|x64
		{4D4B11BE-70CB-4562-A2AD-38701420AAFC}.Debug|x64.Deploy.0 = Debug|x64
		{4D4B11BE-70CB-4562-A2AD-38701420AAFC}.Debug|x86.ActiveCfg = Debug|x86
		{4D4B11BE-70CB-4562-A2AD-38701420AAFC}.Debug|x86.Build.0 = Debug|x86
		{4D4B11BE-70CB-4562-A2AD-38701420AAFC}.Debug|x86.Deploy.0 = Debug|x86
		{4D4B11BE-70CB-4562-A2AD-38701420AAFC}.Release|Any CPU.ActiveCfg = Release|x86
		{4D4B11BE-70CB-4562-A2AD-38701420AAFC}.Release|ARM.ActiveCfg = Release|ARM
		{4D4B11BE-70CB-4562-A2AD-38701420AAFC}.Release|ARM.Build.0 = Release|ARM
		{4D4B11BE-70CB-4562-A2AD-38701420AAFC}.Release|ARM.Deploy.0 = Release|ARM
		{4D4B11BE-70CB-4562-A2AD-38701420AAFC}.Release|iPhone.ActiveCfg = Release|x86
		{4D4B11BE-70CB-4562-A2AD-38701420AAFC}.Release|iPhoneSimulator.ActiveCfg = Release|x86
		{4D4B11BE-70CB-4562-A2AD-38701420AAFC}.Release|x64.ActiveCfg = Release|x64
		{4D4B11BE-70CB-4562-A2AD-38701420AAFC}.Release|x64.Build.0 = Release|x64
		{4D4B11BE-70CB-4562-A2AD-38701420AAFC}.Release|x64.Deploy.0 = Release|x64
		{4D4B11BE-70CB-4562-A2AD-38701420AAFC}.Release|x86.ActiveCfg = Release|x86
		{4D4B11BE-70CB-4562-A2AD-38701420AAFC}.Release|x86.Build.0 = Release|x86
		{4D4B11BE-70CB-4562-A2AD-38701420AAFC}.Release|x86.Deploy.0 = Release|x86
	EndGlobalSection
	GlobalSection(SolutionProperties) = preSolution
		HideSolutionNode = FALSE
	EndGlobalSection
	GlobalSection(ExtensibilityGlobals) = postSolution
		SolutionGuid = {0521C629-46ED-4DDE-B360-E42519FDE3AF}
	EndGlobalSection
EndGlobal
